// !$*UTF8*$!
{
	archiveVersion = 1;
	classes = {
	};
	objectVersion = 56;
	objects = {

/* Begin PBXBuildFile section */
		913C2790295F5AB40040D9CE /* ModuleBuilder.swift in Sources */ = {isa = PBXBuildFile; fileRef = 913C278F295F5AB40040D9CE /* ModuleBuilder.swift */; };
		913C2792295F5AC00040D9CE /* Router.swift in Sources */ = {isa = PBXBuildFile; fileRef = 913C2791295F5AC00040D9CE /* Router.swift */; };
		916D311D293E04FB00FA9C87 /* AppDelegate.swift in Sources */ = {isa = PBXBuildFile; fileRef = 916D311C293E04FB00FA9C87 /* AppDelegate.swift */; };
		916D311F293E04FB00FA9C87 /* SceneDelegate.swift in Sources */ = {isa = PBXBuildFile; fileRef = 916D311E293E04FB00FA9C87 /* SceneDelegate.swift */; };
		916D3121293E04FB00FA9C87 /* ViewController.swift in Sources */ = {isa = PBXBuildFile; fileRef = 916D3120293E04FB00FA9C87 /* ViewController.swift */; };
		916D3127293E04FB00FA9C87 /* CoreDataUsers.xcdatamodeld in Sources */ = {isa = PBXBuildFile; fileRef = 916D3125293E04FB00FA9C87 /* CoreDataUsers.xcdatamodeld */; };
		916D3129293E050400FA9C87 /* Assets.xcassets in Resources */ = {isa = PBXBuildFile; fileRef = 916D3128293E050400FA9C87 /* Assets.xcassets */; };
		916D312C293E050400FA9C87 /* LaunchScreen.storyboard in Resources */ = {isa = PBXBuildFile; fileRef = 916D312A293E050400FA9C87 /* LaunchScreen.storyboard */; };
		919A5FA429696D8C004E3C4A /* Person+CoreDataClass.swift in Sources */ = {isa = PBXBuildFile; fileRef = 919A5FA229696D8C004E3C4A /* Person+CoreDataClass.swift */; };
		919A5FA529696D8C004E3C4A /* Person+CoreDataProperties.swift in Sources */ = {isa = PBXBuildFile; fileRef = 919A5FA329696D8C004E3C4A /* Person+CoreDataProperties.swift */; };
		919A5FA829697061004E3C4A /* CoreDataManager.swift in Sources */ = {isa = PBXBuildFile; fileRef = 919A5FA729697061004E3C4A /* CoreDataManager.swift */; };
		919B11BD295788AE00C1688F /* SnapKit in Frameworks */ = {isa = PBXBuildFile; productRef = 919B11BC295788AE00C1688F /* SnapKit */; };
		919B11BF2957A0AC00C1688F /* DetailViewController.swift in Sources */ = {isa = PBXBuildFile; fileRef = 919B11BE2957A0AC00C1688F /* DetailViewController.swift */; };
/* End PBXBuildFile section */

/* Begin PBXFileReference section */
		913C278F295F5AB40040D9CE /* ModuleBuilder.swift */ = {isa = PBXFileReference; lastKnownFileType = sourcecode.swift; path = ModuleBuilder.swift; sourceTree = "<group>"; };
		913C2791295F5AC00040D9CE /* Router.swift */ = {isa = PBXFileReference; lastKnownFileType = sourcecode.swift; path = Router.swift; sourceTree = "<group>"; };
		916D3119293E04FB00FA9C87 /* CoreDataUsers.app */ = {isa = PBXFileReference; explicitFileType = wrapper.application; includeInIndex = 0; path = CoreDataUsers.app; sourceTree = BUILT_PRODUCTS_DIR; };
		916D311C293E04FB00FA9C87 /* AppDelegate.swift */ = {isa = PBXFileReference; lastKnownFileType = sourcecode.swift; path = AppDelegate.swift; sourceTree = "<group>"; };
		916D311E293E04FB00FA9C87 /* SceneDelegate.swift */ = {isa = PBXFileReference; lastKnownFileType = sourcecode.swift; path = SceneDelegate.swift; sourceTree = "<group>"; };
		916D3120293E04FB00FA9C87 /* ViewController.swift */ = {isa = PBXFileReference; lastKnownFileType = sourcecode.swift; path = ViewController.swift; sourceTree = "<group>"; };
		916D3126293E04FB00FA9C87 /* CoreDataUsers.xcdatamodel */ = {isa = PBXFileReference; lastKnownFileType = wrapper.xcdatamodel; path = CoreDataUsers.xcdatamodel; sourceTree = "<group>"; };
		916D3128293E050400FA9C87 /* Assets.xcassets */ = {isa = PBXFileReference; lastKnownFileType = folder.assetcatalog; path = Assets.xcassets; sourceTree = "<group>"; };
		916D312B293E050400FA9C87 /* Base */ = {isa = PBXFileReference; lastKnownFileType = file.storyboard; name = Base; path = Base.lproj/LaunchScreen.storyboard; sourceTree = "<group>"; };
		916D312D293E050400FA9C87 /* Info.plist */ = {isa = PBXFileReference; lastKnownFileType = text.plist.xml; path = Info.plist; sourceTree = "<group>"; };
		919A5FA229696D8C004E3C4A /* Person+CoreDataClass.swift */ = {isa = PBXFileReference; lastKnownFileType = sourcecode.swift; path = "Person+CoreDataClass.swift"; sourceTree = "<group>"; };
		919A5FA329696D8C004E3C4A /* Person+CoreDataProperties.swift */ = {isa = PBXFileReference; lastKnownFileType = sourcecode.swift; path = "Person+CoreDataProperties.swift"; sourceTree = "<group>"; };
		919A5FA729697061004E3C4A /* CoreDataManager.swift */ = {isa = PBXFileReference; lastKnownFileType = sourcecode.swift; path = CoreDataManager.swift; sourceTree = "<group>"; };
		919B11BE2957A0AC00C1688F /* DetailViewController.swift */ = {isa = PBXFileReference; lastKnownFileType = sourcecode.swift; path = DetailViewController.swift; sourceTree = "<group>"; };
/* End PBXFileReference section */

/* Begin PBXFrameworksBuildPhase section */
		916D3116293E04FB00FA9C87 /* Frameworks */ = {
			isa = PBXFrameworksBuildPhase;
			buildActionMask = 2147483647;
			files = (
				919B11BD295788AE00C1688F /* SnapKit in Frameworks */,
			);
			runOnlyForDeploymentPostprocessing = 0;
		};
/* End PBXFrameworksBuildPhase section */

/* Begin PBXGroup section */
		913C278A295F5A770040D9CE /* Presenter */ = {
			isa = PBXGroup;
			children = (
			);
			path = Presenter;
			sourceTree = "<group>";
		};
		913C278B295F5A7E0040D9CE /* View */ = {
			isa = PBXGroup;
			children = (
				916D3120293E04FB00FA9C87 /* ViewController.swift */,
				919B11BE2957A0AC00C1688F /* DetailViewController.swift */,
			);
			path = View;
			sourceTree = "<group>";
		};
		913C278D295F5A900040D9CE /* Helpers */ = {
			isa = PBXGroup;
			children = (
				913C2791295F5AC00040D9CE /* Router.swift */,
				913C278F295F5AB40040D9CE /* ModuleBuilder.swift */,
			);
			path = Helpers;
			sourceTree = "<group>";
		};
		916D3110293E04FB00FA9C87 = {
			isa = PBXGroup;
			children = (
				916D311B293E04FB00FA9C87 /* CoreDataUsers */,
				916D311A293E04FB00FA9C87 /* Products */,
			);
			sourceTree = "<group>";
		};
		916D311A293E04FB00FA9C87 /* Products */ = {
			isa = PBXGroup;
			children = (
				916D3119293E04FB00FA9C87 /* CoreDataUsers.app */,
			);
			name = Products;
			sourceTree = "<group>";
		};
		916D311B293E04FB00FA9C87 /* CoreDataUsers */ = {
			isa = PBXGroup;
			children = (
				916D3134293E09C900FA9C87 /* Sources */,
				916D3133293E09B700FA9C87 /* Resources */,
			);
			path = CoreDataUsers;
			sourceTree = "<group>";
		};
		916D3133293E09B700FA9C87 /* Resources */ = {
			isa = PBXGroup;
			children = (
				916D3128293E050400FA9C87 /* Assets.xcassets */,
				916D312A293E050400FA9C87 /* LaunchScreen.storyboard */,
				916D312D293E050400FA9C87 /* Info.plist */,
			);
			path = Resources;
			sourceTree = "<group>";
		};
		916D3134293E09C900FA9C87 /* Sources */ = {
			isa = PBXGroup;
			children = (
				913C278D295F5A900040D9CE /* Helpers */,
				916D3135293E09DE00FA9C87 /* App */,
				919A5FA629696D96004E3C4A /* CoreData */,
				913C278B295F5A7E0040D9CE /* View */,
				913C278A295F5A770040D9CE /* Presenter */,
			);
			path = Sources;
			sourceTree = "<group>";
		};
		916D3135293E09DE00FA9C87 /* App */ = {
			isa = PBXGroup;
			children = (
				916D311C293E04FB00FA9C87 /* AppDelegate.swift */,
				916D311E293E04FB00FA9C87 /* SceneDelegate.swift */,
			);
			path = App;
			sourceTree = "<group>";
		};
		919A5FA629696D96004E3C4A /* CoreData */ = {
			isa = PBXGroup;
			children = (
				919A5FA729697061004E3C4A /* CoreDataManager.swift */,
				916D3125293E04FB00FA9C87 /* CoreDataUsers.xcdatamodeld */,
				919A5FA229696D8C004E3C4A /* Person+CoreDataClass.swift */,
				919A5FA329696D8C004E3C4A /* Person+CoreDataProperties.swift */,
			);
			path = CoreData;
			sourceTree = "<group>";
		};
/* End PBXGroup section */

/* Begin PBXNativeTarget section */
		916D3118293E04FB00FA9C87 /* CoreDataUsers */ = {
			isa = PBXNativeTarget;
			buildConfigurationList = 916D3130293E050400FA9C87 /* Build configuration list for PBXNativeTarget "CoreDataUsers" */;
			buildPhases = (
				916D3115293E04FB00FA9C87 /* Sources */,
				916D3116293E04FB00FA9C87 /* Frameworks */,
				916D3117293E04FB00FA9C87 /* Resources */,
			);
			buildRules = (
			);
			dependencies = (
			);
			name = CoreDataUsers;
			packageProductDependencies = (
				919B11BC295788AE00C1688F /* SnapKit */,
			);
			productName = CoreDataUsers;
			productReference = 916D3119293E04FB00FA9C87 /* CoreDataUsers.app */;
			productType = "com.apple.product-type.application";
		};
/* End PBXNativeTarget section */

/* Begin PBXProject section */
		916D3111293E04FB00FA9C87 /* Project object */ = {
			isa = PBXProject;
			attributes = {
				BuildIndependentTargetsInParallel = 1;
				LastSwiftUpdateCheck = 1410;
				LastUpgradeCheck = 1410;
				TargetAttributes = {
					916D3118293E04FB00FA9C87 = {
						CreatedOnToolsVersion = 14.1;
					};
				};
			};
			buildConfigurationList = 916D3114293E04FB00FA9C87 /* Build configuration list for PBXProject "CoreDataUsers" */;
			compatibilityVersion = "Xcode 14.0";
			developmentRegion = en;
			hasScannedForEncodings = 0;
			knownRegions = (
				en,
				Base,
			);
			mainGroup = 916D3110293E04FB00FA9C87;
			packageReferences = (
				919B11BB295788AE00C1688F /* XCRemoteSwiftPackageReference "SnapKit" */,
			);
			productRefGroup = 916D311A293E04FB00FA9C87 /* Products */;
			projectDirPath = "";
			projectRoot = "";
			targets = (
				916D3118293E04FB00FA9C87 /* CoreDataUsers */,
			);
		};
/* End PBXProject section */

/* Begin PBXResourcesBuildPhase section */
		916D3117293E04FB00FA9C87 /* Resources */ = {
			isa = PBXResourcesBuildPhase;
			buildActionMask = 2147483647;
			files = (
				916D312C293E050400FA9C87 /* LaunchScreen.storyboard in Resources */,
				916D3129293E050400FA9C87 /* Assets.xcassets in Resources */,
			);
			runOnlyForDeploymentPostprocessing = 0;
		};
/* End PBXResourcesBuildPhase section */

/* Begin PBXSourcesBuildPhase section */
		916D3115293E04FB00FA9C87 /* Sources */ = {
			isa = PBXSourcesBuildPhase;
			buildActionMask = 2147483647;
			files = (
				919A5FA429696D8C004E3C4A /* Person+CoreDataClass.swift in Sources */,
				916D3121293E04FB00FA9C87 /* ViewController.swift in Sources */,
				919A5FA529696D8C004E3C4A /* Person+CoreDataProperties.swift in Sources */,
				916D311D293E04FB00FA9C87 /* AppDelegate.swift in Sources */,
				919B11BF2957A0AC00C1688F /* DetailViewController.swift in Sources */,
				913C2792295F5AC00040D9CE /* Router.swift in Sources */,
				916D311F293E04FB00FA9C87 /* SceneDelegate.swift in Sources */,
				916D3127293E04FB00FA9C87 /* CoreDataUsers.xcdatamodeld in Sources */,
				919A5FA829697061004E3C4A /* CoreDataManager.swift in Sources */,
				913C2790295F5AB40040D9CE /* ModuleBuilder.swift in Sources */,
			);
			runOnlyForDeploymentPostprocessing = 0;
		};
/* End PBXSourcesBuildPhase section */

/* Begin PBXVariantGroup section */
		916D312A293E050400FA9C87 /* LaunchScreen.storyboard */ = {
			isa = PBXVariantGroup;
			children = (
				916D312B293E050400FA9C87 /* Base */,
			);
			name = LaunchScreen.storyboard;
			sourceTree = "<group>";
		};
/* End PBXVariantGroup section */

/* Begin XCBuildConfiguration section */
		916D312E293E050400FA9C87 /* Debug */ = {
			isa = XCBuildConfiguration;
			buildSettings = {
				ALWAYS_SEARCH_USER_PATHS = NO;
				CLANG_ANALYZER_NONNULL = YES;
				CLANG_ANALYZER_NUMBER_OBJECT_CONVERSION = YES_AGGRESSIVE;
				CLANG_CXX_LANGUAGE_STANDARD = "gnu++20";
				CLANG_ENABLE_MODULES = YES;
				CLANG_ENABLE_OBJC_ARC = YES;
				CLANG_ENABLE_OBJC_WEAK = YES;
				CLANG_WARN_BLOCK_CAPTURE_AUTORELEASING = YES;
				CLANG_WARN_BOOL_CONVERSION = YES;
				CLANG_WARN_COMMA = YES;
				CLANG_WARN_CONSTANT_CONVERSION = YES;
				CLANG_WARN_DEPRECATED_OBJC_IMPLEMENTATIONS = YES;
				CLANG_WARN_DIRECT_OBJC_ISA_USAGE = YES_ERROR;
				CLANG_WARN_DOCUMENTATION_COMMENTS = YES;
				CLANG_WARN_EMPTY_BODY = YES;
				CLANG_WARN_ENUM_CONVERSION = YES;
				CLANG_WARN_INFINITE_RECURSION = YES;
				CLANG_WARN_INT_CONVERSION = YES;
				CLANG_WARN_NON_LITERAL_NULL_CONVERSION = YES;
				CLANG_WARN_OBJC_IMPLICIT_RETAIN_SELF = YES;
				CLANG_WARN_OBJC_LITERAL_CONVERSION = YES;
				CLANG_WARN_OBJC_ROOT_CLASS = YES_ERROR;
				CLANG_WARN_QUOTED_INCLUDE_IN_FRAMEWORK_HEADER = YES;
				CLANG_WARN_RANGE_LOOP_ANALYSIS = YES;
				CLANG_WARN_STRICT_PROTOTYPES = YES;
				CLANG_WARN_SUSPICIOUS_MOVE = YES;
				CLANG_WARN_UNGUARDED_AVAILABILITY = YES_AGGRESSIVE;
				CLANG_WARN_UNREACHABLE_CODE = YES;
				CLANG_WARN__DUPLICATE_METHOD_MATCH = YES;
				COPY_PHASE_STRIP = NO;
				DEBUG_INFORMATION_FORMAT = dwarf;
				ENABLE_STRICT_OBJC_MSGSEND = YES;
				ENABLE_TESTABILITY = YES;
				GCC_C_LANGUAGE_STANDARD = gnu11;
				GCC_DYNAMIC_NO_PIC = NO;
				GCC_NO_COMMON_BLOCKS = YES;
				GCC_OPTIMIZATION_LEVEL = 0;
				GCC_PREPROCESSOR_DEFINITIONS = (
					"DEBUG=1",
					"$(inherited)",
				);
				GCC_WARN_64_TO_32_BIT_CONVERSION = YES;
				GCC_WARN_ABOUT_RETURN_TYPE = YES_ERROR;
				GCC_WARN_UNDECLARED_SELECTOR = YES;
				GCC_WARN_UNINITIALIZED_AUTOS = YES_AGGRESSIVE;
				GCC_WARN_UNUSED_FUNCTION = YES;
				GCC_WARN_UNUSED_VARIABLE = YES;
				IPHONEOS_DEPLOYMENT_TARGET = 16.1;
				MTL_ENABLE_DEBUG_INFO = INCLUDE_SOURCE;
				MTL_FAST_MATH = YES;
				ONLY_ACTIVE_ARCH = YES;
				SDKROOT = iphoneos;
				SWIFT_ACTIVE_COMPILATION_CONDITIONS = DEBUG;
				SWIFT_OPTIMIZATION_LEVEL = "-Onone";
			};
			name = Debug;
		};
		916D312F293E050400FA9C87 /* Release */ = {
			isa = XCBuildConfiguration;
			buildSettings = {
				ALWAYS_SEARCH_USER_PATHS = NO;
				CLANG_ANALYZER_NONNULL = YES;
				CLANG_ANALYZER_NUMBER_OBJECT_CONVERSION = YES_AGGRESSIVE;
				CLANG_CXX_LANGUAGE_STANDARD = "gnu++20";
				CLANG_ENABLE_MODULES = YES;
				CLANG_ENABLE_OBJC_ARC = YES;
				CLANG_ENABLE_OBJC_WEAK = YES;
				CLANG_WARN_BLOCK_CAPTURE_AUTORELEASING = YES;
				CLANG_WARN_BOOL_CONVERSION = YES;
				CLANG_WARN_COMMA = YES;
				CLANG_WARN_CONSTANT_CONVERSION = YES;
				CLANG_WARN_DEPRECATED_OBJC_IMPLEMENTATIONS = YES;
				CLANG_WARN_DIRECT_OBJC_ISA_USAGE = YES_ERROR;
				CLANG_WARN_DOCUMENTATION_COMMENTS = YES;
				CLANG_WARN_EMPTY_BODY = YES;
				CLANG_WARN_ENUM_CONVERSION = YES;
				CLANG_WARN_INFINITE_RECURSION = YES;
				CLANG_WARN_INT_CONVERSION = YES;
				CLANG_WARN_NON_LITERAL_NULL_CONVERSION = YES;
				CLANG_WARN_OBJC_IMPLICIT_RETAIN_SELF = YES;
				CLANG_WARN_OBJC_LITERAL_CONVERSION = YES;
				CLANG_WARN_OBJC_ROOT_CLASS = YES_ERROR;
				CLANG_WARN_QUOTED_INCLUDE_IN_FRAMEWORK_HEADER = YES;
				CLANG_WARN_RANGE_LOOP_ANALYSIS = YES;
				CLANG_WARN_STRICT_PROTOTYPES = YES;
				CLANG_WARN_SUSPICIOUS_MOVE = YES;
				CLANG_WARN_UNGUARDED_AVAILABILITY = YES_AGGRESSIVE;
				CLANG_WARN_UNREACHABLE_CODE = YES;
				CLANG_WARN__DUPLICATE_METHOD_MATCH = YES;
				COPY_PHASE_STRIP = NO;
				DEBUG_INFORMATION_FORMAT = "dwarf-with-dsym";
				ENABLE_NS_ASSERTIONS = NO;
				ENABLE_STRICT_OBJC_MSGSEND = YES;
				GCC_C_LANGUAGE_STANDARD = gnu11;
				GCC_NO_COMMON_BLOCKS = YES;
				GCC_WARN_64_TO_32_BIT_CONVERSION = YES;
				GCC_WARN_ABOUT_RETURN_TYPE = YES_ERROR;
				GCC_WARN_UNDECLARED_SELECTOR = YES;
				GCC_WARN_UNINITIALIZED_AUTOS = YES_AGGRESSIVE;
				GCC_WARN_UNUSED_FUNCTION = YES;
				GCC_WARN_UNUSED_VARIABLE = YES;
				IPHONEOS_DEPLOYMENT_TARGET = 16.1;
				MTL_ENABLE_DEBUG_INFO = NO;
				MTL_FAST_MATH = YES;
				SDKROOT = iphoneos;
				SWIFT_COMPILATION_MODE = wholemodule;
				SWIFT_OPTIMIZATION_LEVEL = "-O";
				VALIDATE_PRODUCT = YES;
			};
			name = Release;
		};
		916D3131293E050400FA9C87 /* Debug */ = {
			isa = XCBuildConfiguration;
			buildSettings = {
				ASSETCATALOG_COMPILER_APPICON_NAME = AppIcon;
				ASSETCATALOG_COMPILER_GLOBAL_ACCENT_COLOR_NAME = AccentColor;
				CODE_SIGN_STYLE = Automatic;
				CURRENT_PROJECT_VERSION = 1;
				DEVELOPMENT_TEAM = 66ZXKDA6XW;
				GENERATE_INFOPLIST_FILE = YES;
				INFOPLIST_FILE = CoreDataUsers/Resources/Info.plist;
				INFOPLIST_KEY_UIApplicationSupportsIndirectInputEvents = YES;
				INFOPLIST_KEY_UILaunchStoryboardName = LaunchScreen;
				INFOPLIST_KEY_UIMainStoryboardFile = "";
				INFOPLIST_KEY_UISupportedInterfaceOrientations_iPad = "UIInterfaceOrientationPortrait UIInterfaceOrientationPortraitUpsideDown UIInterfaceOrientationLandscapeLeft UIInterfaceOrientationLandscapeRight";
				INFOPLIST_KEY_UISupportedInterfaceOrientations_iPhone = "UIInterfaceOrientationPortrait UIInterfaceOrientationLandscapeLeft UIInterfaceOrientationLandscapeRight";
				LD_RUNPATH_SEARCH_PATHS = (
					"$(inherited)",
					"@executable_path/Frameworks",
				);
				MARKETING_VERSION = 1.0;
				PRODUCT_BUNDLE_IDENTIFIER = LA.my.CoreDataUsers;
				PRODUCT_NAME = "$(TARGET_NAME)";
				SWIFT_EMIT_LOC_STRINGS = YES;
				SWIFT_VERSION = 5.0;
				TARGETED_DEVICE_FAMILY = "1,2";
			};
			name = Debug;
		};
		916D3132293E050400FA9C87 /* Release */ = {
			isa = XCBuildConfiguration;
			buildSettings = {
				ASSETCATALOG_COMPILER_APPICON_NAME = AppIcon;
				ASSETCATALOG_COMPILER_GLOBAL_ACCENT_COLOR_NAME = AccentColor;
				CODE_SIGN_STYLE = Automatic;
				CURRENT_PROJECT_VERSION = 1;
				DEVELOPMENT_TEAM = 66ZXKDA6XW;
				GENERATE_INFOPLIST_FILE = YES;
				INFOPLIST_FILE = CoreDataUsers/Resources/Info.plist;
				INFOPLIST_KEY_UIApplicationSupportsIndirectInputEvents = YES;
				INFOPLIST_KEY_UILaunchStoryboardName = LaunchScreen;
				INFOPLIST_KEY_UIMainStoryboardFile = "";
				INFOPLIST_KEY_UISupportedInterfaceOrientations_iPad = "UIInterfaceOrientationPortrait UIInterfaceOrientationPortraitUpsideDown UIInterfaceOrientationLandscapeLeft UIInterfaceOrientationLandscapeRight";
				INFOPLIST_KEY_UISupportedInterfaceOrientations_iPhone = "UIInterfaceOrientationPortrait UIInterfaceOrientationLandscapeLeft UIInterfaceOrientationLandscapeRight";
				LD_RUNPATH_SEARCH_PATHS = (
					"$(inherited)",
					"@executable_path/Frameworks",
				);
				MARKETING_VERSION = 1.0;
				PRODUCT_BUNDLE_IDENTIFIER = LA.my.CoreDataUsers;
				PRODUCT_NAME = "$(TARGET_NAME)";
				SWIFT_EMIT_LOC_STRINGS = YES;
				SWIFT_VERSION = 5.0;
				TARGETED_DEVICE_FAMILY = "1,2";
			};
			name = Release;
		};
/* End XCBuildConfiguration section */

/* Begin XCConfigurationList section */
		916D3114293E04FB00FA9C87 /* Build configuration list for PBXProject "CoreDataUsers" */ = {
			isa = XCConfigurationList;
			buildConfigurations = (
				916D312E293E050400FA9C87 /* Debug */,
				916D312F293E050400FA9C87 /* Release */,
			);
			defaultConfigurationIsVisible = 0;
			defaultConfigurationName = Release;
		};
		916D3130293E050400FA9C87 /* Build configuration list for PBXNativeTarget "CoreDataUsers" */ = {
			isa = XCConfigurationList;
			buildConfigurations = (
				916D3131293E050400FA9C87 /* Debug */,
				916D3132293E050400FA9C87 /* Release */,
			);
			defaultConfigurationIsVisible = 0;
			defaultConfigurationName = Release;
		};
/* End XCConfigurationList section */

/* Begin XCRemoteSwiftPackageReference section */
		919B11BB295788AE00C1688F /* XCRemoteSwiftPackageReference "SnapKit" */ = {
			isa = XCRemoteSwiftPackageReference;
			repositoryURL = "https://github.com/SnapKit/SnapKit.git";
			requirement = {
				branch = develop;
				kind = branch;
			};
		};
/* End XCRemoteSwiftPackageReference section */

/* Begin XCSwiftPackageProductDependency section */
		919B11BC295788AE00C1688F /* SnapKit */ = {
			isa = XCSwiftPackageProductDependency;
			package = 919B11BB295788AE00C1688F /* XCRemoteSwiftPackageReference "SnapKit" */;
			productName = SnapKit;
		};
/* End XCSwiftPackageProductDependency section */

/* Begin XCVersionGroup section */
		916D3125293E04FB00FA9C87 /* CoreDataUsers.xcdatamodeld */ = {
			isa = XCVersionGroup;
			children = (
				916D3126293E04FB00FA9C87 /* CoreDataUsers.xcdatamodel */,
			);
			currentVersion = 916D3126293E04FB00FA9C87 /* CoreDataUsers.xcdatamodel */;
			path = CoreDataUsers.xcdatamodeld;
			sourceTree = "<group>";
			versionGroupType = wrapper.xcdatamodel;
		};
/* End XCVersionGroup section */
	};
	rootObject = 916D3111293E04FB00FA9C87 /* Project object */;
}
